
Microsoft Visual Studio Solution File, Format Version 12.00
# Visual Studio Version 17
VisualStudioVersion = 17.8.34525.116
MinimumVisualStudioVersion = 10.0.40219.1
Project("{FAE04EC0-301F-11D3-BF4B-00C04F79EFBC}") = "TechtonicaModLoader", "TechtonicaModLoader\TechtonicaModLoader.csproj", "{5B760223-C7EE-4C2E-B409-4D7A6D21E693}"
EndProject
Global
	GlobalSection(SolutionConfigurationPlatforms) = preSolution
		Debug|Any CPU = Debug|Any CPU
		Release|Any CPU = Release|Any CPU
	EndGlobalSection
	GlobalSection(ProjectConfigurationPlatforms) = postSolution
		{5B760223-C7EE-4C2E-B409-4D7A6D21E693}.Debug|Any CPU.ActiveCfg = Debug|Any CPU
		{5B760223-C7EE-4C2E-B409-4D7A6D21E693}.Debug|Any CPU.Build.0 = Debug|Any CPU
		{5B760223-C7EE-4C2E-B409-4D7A6D21E693}.Release|Any CPU.ActiveCfg = Release|Any CPU
		{5B760223-C7EE-4C2E-B409-4D7A6D21E693}.Release|Any CPU.Build.0 = Release|Any CPU
	EndGlobalSection
	GlobalSection(SolutionProperties) = preSolution
		HideSolutionNode = FALSE
	EndGlobalSection
	GlobalSection(ExtensibilityGlobals) = postSolution
		SolutionGuid = {0288731A-16CE-4670-82F9-60DA55D4EDF2}
	EndGlobalSection
EndGlobal
